// !$*UTF8*$!
{
	archiveVersion = 1;
	classes = {
	};
	objectVersion = 77;
	objects = {

/* Begin PBXBuildFile section */
		700B4C542D1AB6BC0032176C /* CloneWeather.framework in Frameworks */ = {isa = PBXBuildFile; fileRef = 700B4C492D1AB6BC0032176C /* CloneWeather.framework */; };
		700B4C872D1BF2710032176C /* WeatherSDKConfiguration.swift in Sources */ = {isa = PBXBuildFile; fileRef = 700B4C852D1BF2710032176C /* WeatherSDKConfiguration.swift */; };
		700B4C882D1BF2710032176C /* CloneWeather.docc in Sources */ = {isa = PBXBuildFile; fileRef = 700B4C822D1BF2710032176C /* CloneWeather.docc */; };
		700B4C892D1BF2710032176C /* CloneWeather+Ext.swift in Sources */ = {isa = PBXBuildFile; fileRef = 700B4C842D1BF2710032176C /* CloneWeather+Ext.swift */; };
		700B4C8A2D1BF2710032176C /* CloneWeather.swift in Sources */ = {isa = PBXBuildFile; fileRef = 700B4C832D1BF2710032176C /* CloneWeather.swift */; };
		700B4C8E2D1BF2E20032176C /* WeatherViewModel.swift in Sources */ = {isa = PBXBuildFile; fileRef = 700B4C8D2D1BF2E20032176C /* WeatherViewModel.swift */; };
		700B4C902D1BF3210032176C /* WeatherView.swift in Sources */ = {isa = PBXBuildFile; fileRef = 700B4C8F2D1BF3210032176C /* WeatherView.swift */; };
/* End PBXBuildFile section */

/* Begin PBXContainerItemProxy section */
		700B4C552D1AB6BC0032176C /* PBXContainerItemProxy */ = {
			isa = PBXContainerItemProxy;
			containerPortal = 700B4C402D1AB6BC0032176C /* Project object */;
			proxyType = 1;
			remoteGlobalIDString = 700B4C482D1AB6BC0032176C;
			remoteInfo = CloneWeather;
		};
/* End PBXContainerItemProxy section */

/* Begin PBXFileReference section */
		700B4C492D1AB6BC0032176C /* CloneWeather.framework */ = {isa = PBXFileReference; explicitFileType = wrapper.framework; includeInIndex = 0; path = CloneWeather.framework; sourceTree = BUILT_PRODUCTS_DIR; };
		700B4C532D1AB6BC0032176C /* CloneWeatherTests.xctest */ = {isa = PBXFileReference; explicitFileType = wrapper.cfbundle; includeInIndex = 0; path = CloneWeatherTests.xctest; sourceTree = BUILT_PRODUCTS_DIR; };
		700B4C822D1BF2710032176C /* CloneWeather.docc */ = {isa = PBXFileReference; lastKnownFileType = folder.documentationcatalog; path = CloneWeather.docc; sourceTree = "<group>"; };
		700B4C832D1BF2710032176C /* CloneWeather.swift */ = {isa = PBXFileReference; lastKnownFileType = sourcecode.swift; path = CloneWeather.swift; sourceTree = "<group>"; };
		700B4C842D1BF2710032176C /* CloneWeather+Ext.swift */ = {isa = PBXFileReference; lastKnownFileType = sourcecode.swift; path = "CloneWeather+Ext.swift"; sourceTree = "<group>"; };
		700B4C852D1BF2710032176C /* WeatherSDKConfiguration.swift */ = {isa = PBXFileReference; lastKnownFileType = sourcecode.swift; path = WeatherSDKConfiguration.swift; sourceTree = "<group>"; };
		700B4C8D2D1BF2E20032176C /* WeatherViewModel.swift */ = {isa = PBXFileReference; lastKnownFileType = sourcecode.swift; path = WeatherViewModel.swift; sourceTree = "<group>"; };
		700B4C8F2D1BF3210032176C /* WeatherView.swift */ = {isa = PBXFileReference; lastKnownFileType = sourcecode.swift; path = WeatherView.swift; sourceTree = "<group>"; };
/* End PBXFileReference section */

/* Begin PBXFileSystemSynchronizedRootGroup section */
		700B4C572D1AB6BC0032176C /* CloneWeatherTests */ = {
			isa = PBXFileSystemSynchronizedRootGroup;
			path = CloneWeatherTests;
			sourceTree = "<group>";
		};
/* End PBXFileSystemSynchronizedRootGroup section */

/* Begin PBXFrameworksBuildPhase section */
		700B4C462D1AB6BC0032176C /* Frameworks */ = {
			isa = PBXFrameworksBuildPhase;
			buildActionMask = 2147483647;
			files = (
			);
			runOnlyForDeploymentPostprocessing = 0;
		};
		700B4C502D1AB6BC0032176C /* Frameworks */ = {
			isa = PBXFrameworksBuildPhase;
			buildActionMask = 2147483647;
			files = (
				700B4C542D1AB6BC0032176C /* CloneWeather.framework in Frameworks */,
			);
			runOnlyForDeploymentPostprocessing = 0;
		};
/* End PBXFrameworksBuildPhase section */

/* Begin PBXGroup section */
		700B4C3F2D1AB6BC0032176C = {
			isa = PBXGroup;
			children = (
				700B4C862D1BF2710032176C /* CloneWeather */,
				700B4C572D1AB6BC0032176C /* CloneWeatherTests */,
				700B4C4A2D1AB6BC0032176C /* Products */,
			);
			sourceTree = "<group>";
		};
		700B4C4A2D1AB6BC0032176C /* Products */ = {
			isa = PBXGroup;
			children = (
				700B4C492D1AB6BC0032176C /* CloneWeather.framework */,
				700B4C532D1AB6BC0032176C /* CloneWeatherTests.xctest */,
			);
			name = Products;
			sourceTree = "<group>";
		};
		700B4C862D1BF2710032176C /* CloneWeather */ = {
			isa = PBXGroup;
			children = (
				700B4CA52D1D5F240032176C /* Sources */,
				700B4C822D1BF2710032176C /* CloneWeather.docc */,
				700B4C8B2D1BF27D0032176C /* Modules */,
			);
			path = CloneWeather;
			sourceTree = "<group>";
		};
		700B4C8B2D1BF27D0032176C /* Modules */ = {
			isa = PBXGroup;
			children = (
				700B4C8C2D1BF28A0032176C /* Weather */,
			);
			path = Modules;
			sourceTree = "<group>";
		};
		700B4C8C2D1BF28A0032176C /* Weather */ = {
			isa = PBXGroup;
			children = (
				700B4C8D2D1BF2E20032176C /* WeatherViewModel.swift */,
				700B4C8F2D1BF3210032176C /* WeatherView.swift */,
			);
			path = Weather;
			sourceTree = "<group>";
		};
		700B4CA52D1D5F240032176C /* Sources */ = {
			isa = PBXGroup;
			children = (
				700B4CA62D1D5F320032176C /* CloneWeather */,
			);
			path = Sources;
			sourceTree = "<group>";
		};
		700B4CA62D1D5F320032176C /* CloneWeather */ = {
			isa = PBXGroup;
			children = (
				700B4C852D1BF2710032176C /* WeatherSDKConfiguration.swift */,
				700B4C842D1BF2710032176C /* CloneWeather+Ext.swift */,
				700B4C832D1BF2710032176C /* CloneWeather.swift */,
			);
			path = CloneWeather;
			sourceTree = "<group>";
		};
/* End PBXGroup section */

/* Begin PBXHeadersBuildPhase section */
		700B4C442D1AB6BC0032176C /* Headers */ = {
			isa = PBXHeadersBuildPhase;
			buildActionMask = 2147483647;
			files = (
			);
			runOnlyForDeploymentPostprocessing = 0;
		};
/* End PBXHeadersBuildPhase section */

/* Begin PBXNativeTarget section */
		700B4C482D1AB6BC0032176C /* CloneWeather */ = {
			isa = PBXNativeTarget;
			buildConfigurationList = 700B4C5C2D1AB6BC0032176C /* Build configuration list for PBXNativeTarget "CloneWeather" */;
			buildPhases = (
				700B4C442D1AB6BC0032176C /* Headers */,
				700B4C452D1AB6BC0032176C /* Sources */,
				700B4C462D1AB6BC0032176C /* Frameworks */,
				700B4C472D1AB6BC0032176C /* Resources */,
			);
			buildRules = (
			);
			dependencies = (
			);
			name = CloneWeather;
			packageProductDependencies = (
			);
			productName = CloneWeather;
			productReference = 700B4C492D1AB6BC0032176C /* CloneWeather.framework */;
			productType = "com.apple.product-type.framework";
		};
		700B4C522D1AB6BC0032176C /* CloneWeatherTests */ = {
			isa = PBXNativeTarget;
			buildConfigurationList = 700B4C612D1AB6BC0032176C /* Build configuration list for PBXNativeTarget "CloneWeatherTests" */;
			buildPhases = (
				700B4C4F2D1AB6BC0032176C /* Sources */,
				700B4C502D1AB6BC0032176C /* Frameworks */,
				700B4C512D1AB6BC0032176C /* Resources */,
			);
			buildRules = (
			);
			dependencies = (
				700B4C562D1AB6BC0032176C /* PBXTargetDependency */,
			);
			fileSystemSynchronizedGroups = (
				700B4C572D1AB6BC0032176C /* CloneWeatherTests */,
			);
			name = CloneWeatherTests;
			packageProductDependencies = (
			);
			productName = CloneWeatherTests;
			productReference = 700B4C532D1AB6BC0032176C /* CloneWeatherTests.xctest */;
			productType = "com.apple.product-type.bundle.unit-test";
		};
/* End PBXNativeTarget section */

/* Begin PBXProject section */
		700B4C402D1AB6BC0032176C /* Project object */ = {
			isa = PBXProject;
			attributes = {
				BuildIndependentTargetsInParallel = 1;
				LastSwiftUpdateCheck = 1620;
				LastUpgradeCheck = 1620;
				TargetAttributes = {
					700B4C482D1AB6BC0032176C = {
						CreatedOnToolsVersion = 16.2;
					};
					700B4C522D1AB6BC0032176C = {
						CreatedOnToolsVersion = 16.2;
					};
				};
			};
			buildConfigurationList = 700B4C432D1AB6BC0032176C /* Build configuration list for PBXProject "CloneWeather" */;
			developmentRegion = en;
			hasScannedForEncodings = 0;
			knownRegions = (
				en,
				Base,
			);
			mainGroup = 700B4C3F2D1AB6BC0032176C;
			minimizedProjectReferenceProxies = 1;
			preferredProjectObjectVersion = 77;
			productRefGroup = 700B4C4A2D1AB6BC0032176C /* Products */;
			projectDirPath = "";
			projectRoot = "";
			targets = (
				700B4C482D1AB6BC0032176C /* CloneWeather */,
				700B4C522D1AB6BC0032176C /* CloneWeatherTests */,
			);
		};
/* End PBXProject section */

/* Begin PBXResourcesBuildPhase section */
		700B4C472D1AB6BC0032176C /* Resources */ = {
			isa = PBXResourcesBuildPhase;
			buildActionMask = 2147483647;
			files = (
			);
			runOnlyForDeploymentPostprocessing = 0;
		};
		700B4C512D1AB6BC0032176C /* Resources */ = {
			isa = PBXResourcesBuildPhase;
			buildActionMask = 2147483647;
			files = (
			);
			runOnlyForDeploymentPostprocessing = 0;
		};
/* End PBXResourcesBuildPhase section */

/* Begin PBXSourcesBuildPhase section */
		700B4C452D1AB6BC0032176C /* Sources */ = {
			isa = PBXSourcesBuildPhase;
			buildActionMask = 2147483647;
			files = (
				700B4C8E2D1BF2E20032176C /* WeatherViewModel.swift in Sources */,
				700B4C872D1BF2710032176C /* WeatherSDKConfiguration.swift in Sources */,
				700B4C882D1BF2710032176C /* CloneWeather.docc in Sources */,
				700B4C902D1BF3210032176C /* WeatherView.swift in Sources */,
				700B4C892D1BF2710032176C /* CloneWeather+Ext.swift in Sources */,
				700B4C8A2D1BF2710032176C /* CloneWeather.swift in Sources */,
			);
			runOnlyForDeploymentPostprocessing = 0;
		};
		700B4C4F2D1AB6BC0032176C /* Sources */ = {
			isa = PBXSourcesBuildPhase;
			buildActionMask = 2147483647;
			files = (
			);
			runOnlyForDeploymentPostprocessing = 0;
		};
/* End PBXSourcesBuildPhase section */

/* Begin PBXTargetDependency section */
		700B4C562D1AB6BC0032176C /* PBXTargetDependency */ = {
			isa = PBXTargetDependency;
			target = 700B4C482D1AB6BC0032176C /* CloneWeather */;
			targetProxy = 700B4C552D1AB6BC0032176C /* PBXContainerItemProxy */;
		};
/* End PBXTargetDependency section */

/* Begin XCBuildConfiguration section */
		700B4C5D2D1AB6BC0032176C /* Debug */ = {
			isa = XCBuildConfiguration;
			buildSettings = {
				BUILD_LIBRARY_FOR_DISTRIBUTION = YES;
				CLANG_ALLOW_NON_MODULAR_INCLUDES_IN_FRAMEWORK_MODULES = NO;
				CODE_SIGN_STYLE = Automatic;
				COPY_PHASE_STRIP = YES;
				CURRENT_PROJECT_VERSION = 1;
				DEFINES_MODULE = NO;
				DYLIB_COMPATIBILITY_VERSION = 1;
				DYLIB_CURRENT_VERSION = 1;
				DYLIB_INSTALL_NAME_BASE = "@rpath";
				ENABLE_MODULE_VERIFIER = YES;
				GENERATE_INFOPLIST_FILE = YES;
				INFOPLIST_KEY_NSHumanReadableCopyright = "";
				INSTALL_PATH = "$(LOCAL_LIBRARY_DIR)/Frameworks";
				IPHONEOS_DEPLOYMENT_TARGET = 16.6;
				LD_RUNPATH_SEARCH_PATHS = (
					"$(inherited)",
					"@executable_path/Frameworks",
					"@loader_path/Frameworks",
				);
				MARKETING_VERSION = 1.0;
				MODULE_VERIFIER_SUPPORTED_LANGUAGES = "objective-c objective-c++";
				MODULE_VERIFIER_SUPPORTED_LANGUAGE_STANDARDS = "gnu17 gnu++20";
				PRODUCT_BUNDLE_IDENTIFIER = networkoperationapp.code.challange.CloneWeather;
				PRODUCT_NAME = "$(TARGET_NAME:c99extidentifier)";
				SKIP_INSTALL = NO;
				SUPPORTED_PLATFORMS = "iphoneos iphonesimulator";
				SUPPORTS_MACCATALYST = NO;
				SUPPORTS_MAC_DESIGNED_FOR_IPHONE_IPAD = NO;
				SUPPORTS_XR_DESIGNED_FOR_IPHONE_IPAD = NO;
				SWIFT_EMIT_LOC_STRINGS = YES;
				SWIFT_INSTALL_OBJC_HEADER = NO;
				SWIFT_VERSION = 5.0;
				TARGETED_DEVICE_FAMILY = 1;
			};
			name = Debug;
		};
		700B4C5E2D1AB6BC0032176C /* Release */ = {
			isa = XCBuildConfiguration;
			buildSettings = {
				BUILD_LIBRARY_FOR_DISTRIBUTION = YES;
				CLANG_ALLOW_NON_MODULAR_INCLUDES_IN_FRAMEWORK_MODULES = NO;
				CODE_SIGN_STYLE = Automatic;
				COPY_PHASE_STRIP = YES;
				CURRENT_PROJECT_VERSION = 1;
				DEFINES_MODULE = NO;
				DYLIB_COMPATIBILITY_VERSION = 1;
				DYLIB_CURRENT_VERSION = 1;
				DYLIB_INSTALL_NAME_BASE = "@rpath";
				ENABLE_MODULE_VERIFIER = YES;
				GENERATE_INFOPLIST_FILE = YES;
				INFOPLIST_KEY_NSHumanReadableCopyright = "";
				INSTALL_PATH = "$(LOCAL_LIBRARY_DIR)/Frameworks";
				IPHONEOS_DEPLOYMENT_TARGET = 16.6;
				LD_RUNPATH_SEARCH_PATHS = (
					"$(inherited)",
					"@executable_path/Frameworks",
					"@loader_path/Frameworks",
				);
				MARKETING_VERSION = 1.0;
				MODULE_VERIFIER_SUPPORTED_LANGUAGES = "objective-c objective-c++";
				MODULE_VERIFIER_SUPPORTED_LANGUAGE_STANDARDS = "gnu17 gnu++20";
				PRODUCT_BUNDLE_IDENTIFIER = networkoperationapp.code.challange.CloneWeather;
				PRODUCT_NAME = "$(TARGET_NAME:c99extidentifier)";
				SKIP_INSTALL = NO;
				SUPPORTED_PLATFORMS = "iphoneos iphonesimulator";
				SUPPORTS_MACCATALYST = NO;
				SUPPORTS_MAC_DESIGNED_FOR_IPHONE_IPAD = NO;
				SUPPORTS_XR_DESIGNED_FOR_IPHONE_IPAD = NO;
				SWIFT_EMIT_LOC_STRINGS = YES;
				SWIFT_INSTALL_OBJC_HEADER = NO;
				SWIFT_OPTIMIZATION_LEVEL = "-Osize";
				SWIFT_VERSION = 5.0;
				TARGETED_DEVICE_FAMILY = 1;
			};
			name = Release;
		};
		700B4C5F2D1AB6BC0032176C /* Debug */ = {
			isa = XCBuildConfiguration;
			buildSettings = {
				ALWAYS_SEARCH_USER_PATHS = NO;
				ASSETCATALOG_COMPILER_GENERATE_SWIFT_ASSET_SYMBOL_EXTENSIONS = YES;
				CLANG_ANALYZER_NONNULL = YES;
				CLANG_ANALYZER_NUMBER_OBJECT_CONVERSION = YES_AGGRESSIVE;
				CLANG_CXX_LANGUAGE_STANDARD = "gnu++20";
				CLANG_ENABLE_MODULES = YES;
				CLANG_ENABLE_OBJC_ARC = YES;
				CLANG_ENABLE_OBJC_WEAK = YES;
				CLANG_WARN_BLOCK_CAPTURE_AUTORELEASING = YES;
				CLANG_WARN_BOOL_CONVERSION = YES;
				CLANG_WARN_COMMA = YES;
				CLANG_WARN_CONSTANT_CONVERSION = YES;
				CLANG_WARN_DEPRECATED_OBJC_IMPLEMENTATIONS = YES;
				CLANG_WARN_DIRECT_OBJC_ISA_USAGE = YES_ERROR;
				CLANG_WARN_DOCUMENTATION_COMMENTS = YES;
				CLANG_WARN_EMPTY_BODY = YES;
				CLANG_WARN_ENUM_CONVERSION = YES;
				CLANG_WARN_INFINITE_RECURSION = YES;
				CLANG_WARN_INT_CONVERSION = YES;
				CLANG_WARN_NON_LITERAL_NULL_CONVERSION = YES;
				CLANG_WARN_OBJC_IMPLICIT_RETAIN_SELF = YES;
				CLANG_WARN_OBJC_LITERAL_CONVERSION = YES;
				CLANG_WARN_OBJC_ROOT_CLASS = YES_ERROR;
				CLANG_WARN_QUOTED_INCLUDE_IN_FRAMEWORK_HEADER = YES;
				CLANG_WARN_RANGE_LOOP_ANALYSIS = YES;
				CLANG_WARN_STRICT_PROTOTYPES = YES;
				CLANG_WARN_SUSPICIOUS_MOVE = YES;
				CLANG_WARN_UNGUARDED_AVAILABILITY = YES_AGGRESSIVE;
				CLANG_WARN_UNREACHABLE_CODE = YES;
				CLANG_WARN__DUPLICATE_METHOD_MATCH = YES;
				COPY_PHASE_STRIP = NO;
				CURRENT_PROJECT_VERSION = 1;
				DEBUG_INFORMATION_FORMAT = dwarf;
				ENABLE_STRICT_OBJC_MSGSEND = YES;
				ENABLE_TESTABILITY = YES;
				ENABLE_USER_SCRIPT_SANDBOXING = YES;
				GCC_C_LANGUAGE_STANDARD = gnu17;
				GCC_DYNAMIC_NO_PIC = NO;
				GCC_NO_COMMON_BLOCKS = YES;
				GCC_OPTIMIZATION_LEVEL = 0;
				GCC_PREPROCESSOR_DEFINITIONS = (
					"DEBUG=1",
					"$(inherited)",
				);
				GCC_WARN_64_TO_32_BIT_CONVERSION = YES;
				GCC_WARN_ABOUT_RETURN_TYPE = YES_ERROR;
				GCC_WARN_UNDECLARED_SELECTOR = YES;
				GCC_WARN_UNINITIALIZED_AUTOS = YES_AGGRESSIVE;
				GCC_WARN_UNUSED_FUNCTION = YES;
				GCC_WARN_UNUSED_VARIABLE = YES;
				IPHONEOS_DEPLOYMENT_TARGET = 18.2;
				LOCALIZATION_PREFERS_STRING_CATALOGS = YES;
				MTL_ENABLE_DEBUG_INFO = INCLUDE_SOURCE;
				MTL_FAST_MATH = YES;
				ONLY_ACTIVE_ARCH = YES;
				SDKROOT = iphoneos;
				SWIFT_ACTIVE_COMPILATION_CONDITIONS = "DEBUG $(inherited)";
				SWIFT_OPTIMIZATION_LEVEL = "-Onone";
				VERSIONING_SYSTEM = "apple-generic";
				VERSION_INFO_PREFIX = "";
			};
			name = Debug;
		};
		700B4C602D1AB6BC0032176C /* Release */ = {
			isa = XCBuildConfiguration;
			buildSettings = {
				ALWAYS_SEARCH_USER_PATHS = NO;
				ASSETCATALOG_COMPILER_GENERATE_SWIFT_ASSET_SYMBOL_EXTENSIONS = YES;
				CLANG_ANALYZER_NONNULL = YES;
				CLANG_ANALYZER_NUMBER_OBJECT_CONVERSION = YES_AGGRESSIVE;
				CLANG_CXX_LANGUAGE_STANDARD = "gnu++20";
				CLANG_ENABLE_MODULES = YES;
				CLANG_ENABLE_OBJC_ARC = YES;
				CLANG_ENABLE_OBJC_WEAK = YES;
				CLANG_WARN_BLOCK_CAPTURE_AUTORELEASING = YES;
				CLANG_WARN_BOOL_CONVERSION = YES;
				CLANG_WARN_COMMA = YES;
				CLANG_WARN_CONSTANT_CONVERSION = YES;
				CLANG_WARN_DEPRECATED_OBJC_IMPLEMENTATIONS = YES;
				CLANG_WARN_DIRECT_OBJC_ISA_USAGE = YES_ERROR;
				CLANG_WARN_DOCUMENTATION_COMMENTS = YES;
				CLANG_WARN_EMPTY_BODY = YES;
				CLANG_WARN_ENUM_CONVERSION = YES;
				CLANG_WARN_INFINITE_RECURSION = YES;
				CLANG_WARN_INT_CONVERSION = YES;
				CLANG_WARN_NON_LITERAL_NULL_CONVERSION = YES;
				CLANG_WARN_OBJC_IMPLICIT_RETAIN_SELF = YES;
				CLANG_WARN_OBJC_LITERAL_CONVERSION = YES;
				CLANG_WARN_OBJC_ROOT_CLASS = YES_ERROR;
				CLANG_WARN_QUOTED_INCLUDE_IN_FRAMEWORK_HEADER = YES;
				CLANG_WARN_RANGE_LOOP_ANALYSIS = YES;
				CLANG_WARN_STRICT_PROTOTYPES = YES;
				CLANG_WARN_SUSPICIOUS_MOVE = YES;
				CLANG_WARN_UNGUARDED_AVAILABILITY = YES_AGGRESSIVE;
				CLANG_WARN_UNREACHABLE_CODE = YES;
				CLANG_WARN__DUPLICATE_METHOD_MATCH = YES;
				COPY_PHASE_STRIP = NO;
				CURRENT_PROJECT_VERSION = 1;
				DEBUG_INFORMATION_FORMAT = "dwarf-with-dsym";
				ENABLE_NS_ASSERTIONS = NO;
				ENABLE_STRICT_OBJC_MSGSEND = YES;
				ENABLE_USER_SCRIPT_SANDBOXING = YES;
				GCC_C_LANGUAGE_STANDARD = gnu17;
				GCC_NO_COMMON_BLOCKS = YES;
				GCC_WARN_64_TO_32_BIT_CONVERSION = YES;
				GCC_WARN_ABOUT_RETURN_TYPE = YES_ERROR;
				GCC_WARN_UNDECLARED_SELECTOR = YES;
				GCC_WARN_UNINITIALIZED_AUTOS = YES_AGGRESSIVE;
				GCC_WARN_UNUSED_FUNCTION = YES;
				GCC_WARN_UNUSED_VARIABLE = YES;
				IPHONEOS_DEPLOYMENT_TARGET = 18.2;
				LOCALIZATION_PREFERS_STRING_CATALOGS = YES;
				MTL_ENABLE_DEBUG_INFO = NO;
				MTL_FAST_MATH = YES;
				SDKROOT = iphoneos;
				SWIFT_COMPILATION_MODE = wholemodule;
				VALIDATE_PRODUCT = YES;
				VERSIONING_SYSTEM = "apple-generic";
				VERSION_INFO_PREFIX = "";
			};
			name = Release;
		};
		700B4C622D1AB6BC0032176C /* Debug */ = {
			isa = XCBuildConfiguration;
			buildSettings = {
				CODE_SIGN_STYLE = Automatic;
				CURRENT_PROJECT_VERSION = 1;
				GENERATE_INFOPLIST_FILE = YES;
				MARKETING_VERSION = 1.0;
				PRODUCT_BUNDLE_IDENTIFIER = networkoperationapp.code.challange.CloneWeatherTests;
				PRODUCT_NAME = "$(TARGET_NAME)";
				SWIFT_EMIT_LOC_STRINGS = NO;
				SWIFT_VERSION = 5.0;
				TARGETED_DEVICE_FAMILY = "1,2";
			};
			name = Debug;
		};
		700B4C632D1AB6BC0032176C /* Release */ = {
			isa = XCBuildConfiguration;
			buildSettings = {
				CODE_SIGN_STYLE = Automatic;
				CURRENT_PROJECT_VERSION = 1;
				GENERATE_INFOPLIST_FILE = YES;
				MARKETING_VERSION = 1.0;
				PRODUCT_BUNDLE_IDENTIFIER = networkoperationapp.code.challange.CloneWeatherTests;
				PRODUCT_NAME = "$(TARGET_NAME)";
				SWIFT_EMIT_LOC_STRINGS = NO;
				SWIFT_VERSION = 5.0;
				TARGETED_DEVICE_FAMILY = "1,2";
			};
			name = Release;
		};
/* End XCBuildConfiguration section */

/* Begin XCConfigurationList section */
		700B4C432D1AB6BC0032176C /* Build configuration list for PBXProject "CloneWeather" */ = {
			isa = XCConfigurationList;
			buildConfigurations = (
				700B4C5F2D1AB6BC0032176C /* Debug */,
				700B4C602D1AB6BC0032176C /* Release */,
			);
			defaultConfigurationIsVisible = 0;
			defaultConfigurationName = Release;
		};
		700B4C5C2D1AB6BC0032176C /* Build configuration list for PBXNativeTarget "CloneWeather" */ = {
			isa = XCConfigurationList;
			buildConfigurations = (
				700B4C5D2D1AB6BC0032176C /* Debug */,
				700B4C5E2D1AB6BC0032176C /* Release */,
			);
			defaultConfigurationIsVisible = 0;
			defaultConfigurationName = Release;
		};
		700B4C612D1AB6BC0032176C /* Build configuration list for PBXNativeTarget "CloneWeatherTests" */ = {
			isa = XCConfigurationList;
			buildConfigurations = (
				700B4C622D1AB6BC0032176C /* Debug */,
				700B4C632D1AB6BC0032176C /* Release */,
			);
			defaultConfigurationIsVisible = 0;
			defaultConfigurationName = Release;
		};
/* End XCConfigurationList section */
	};
	rootObject = 700B4C402D1AB6BC0032176C /* Project object */;
}
